{
  "lockfileVersion": 1,
  "configVersion": 1,
  "workspaces": {
    "": {
      "name": "monorepo-starter",
      "devDependencies": {
        "@biomejs/biome": "^2.5.1",
        "@moonrepo/cli": "^2.3.5",
        "typescript": "^6.0.3",
      },
    },
  },
  "trustedDependencies": [
    "@moonrepo/cli",
  ],
  "packages": {
    "@biomejs/biome": ["@biomejs/biome@2.5.1", "", { "optionalDependencies": { "@biomejs/cli-darwin-arm64": "2.5.1", "@biomejs/cli-darwin-x64": "2.5.1", "@biomejs/cli-linux-arm64": "2.5.1", "@biomejs/cli-linux-arm64-musl": "2.5.1", "@biomejs/cli-linux-x64": "2.5.1", "@biomejs/cli-linux-x64-musl": "2.5.1", "@biomejs/cli-win32-arm64": "2.5.1", "@biomejs/cli-win32-x64": "2.5.1" }, "bin": { "biome": "bin/biome" } }, "sha512-IXWLCxKmae+rI7LOHS1B3EbVisQ6GRAWbhN9msa6KjNCyFWrvKZWR4oUdinaNssrV852OrSHuSPa95h1GPJc7Q=="],

    "@biomejs/cli-darwin-arm64": ["@biomejs/cli-darwin-arm64@2.5.1", "", { "os": "darwin", "cpu": "arm64" }, "sha512-npqDzvqv7vFaWRiNN1Te71siRgPaqS9MpqgYCdP/CrUbkJ7ApezaeaKjueKHRN/JH/6lRjJQAHi8acQDCAz22w=="],

    "@biomejs/cli-darwin-x64": ["@biomejs/cli-darwin-x64@2.5.1", "", { "os": "darwin", "cpu": "x64" }, "sha512-RgwTqPAM8g2tn1j+b5oRjF/DbSBX8a4gwojtuG9XuhfK7GgomvZ9+T+tqjXiVbjLEeGJOoL6VEk8mvRTVeSybw=="],

    "@biomejs/cli-linux-arm64": ["@biomejs/cli-linux-arm64@2.5.1", "", { "os": "linux", "cpu": "arm64" }, "sha512-yhV35CzZh38VyMvTEXi3JTjxZBs++oCKK9KG8vB6VI5+uvQvZNR3BFWEKKzuOmx9DJJj7sQpZ4LQJcmbGTs3+Q=="],

    "@biomejs/cli-linux-arm64-musl": ["@biomejs/cli-linux-arm64-musl@2.5.1", "", { "os": "linux", "cpu": "arm64" }, "sha512-WMcvMLgByyTqVxGlq918NBBYliq9FRR9GAQVETHb+VjGVqXCZFfHlZHC1FX4ibuYY/Hg6TJE3rHU0xVrdJXNRw=="],

    "@biomejs/cli-linux-x64": ["@biomejs/cli-linux-x64@2.5.1", "", { "os": "linux", "cpu": "x64" }, "sha512-J/7uHSX7NfoYDI7HijAkd8lnQIOrRb2W7j3X+tw4R+N5ExvXGsyXFiGdQcfcxfOmNQmZVSQOCDk757fwpzqQcg=="],

    "@biomejs/cli-linux-x64-musl": ["@biomejs/cli-linux-x64-musl@2.5.1", "", { "os": "linux", "cpu": "x64" }, "sha512-ANTowtlLmPYm5yeMckWY8Xzb9Ix+JJP3tgHR/n6xRj1VWyIzzWtfRfih9hv9VmClwadpBvZduISZIbBsIlYG3A=="],

    "@biomejs/cli-win32-arm64": ["@biomejs/cli-win32-arm64@2.5.1", "", { "os": "win32", "cpu": "arm64" }, "sha512-zgXnKNgWPC4iPF7Y1lR3STUeCUuZRpD6IiOrC7TZTlh0Lx6FiVUT05myuMQHQ9D+1cc7uyMldi4forE6lp0ivQ=="],

    "@biomejs/cli-win32-x64": ["@biomejs/cli-win32-x64@2.5.1", "", { "os": "win32", "cpu": "x64" }, "sha512-6uxpR9hvaglANkZemeSiN/FhYgkGasrEGn267eXIWvjrjJ2LhDlk251IhjVJq6MXzkV2/bcXwLwSroLyPtqRZg=="],

    "@moonrepo/cli": ["@moonrepo/cli@2.3.5", "", { "dependencies": { "detect-libc": "^2.1.2" }, "optionalDependencies": { "@moonrepo/core-linux-arm64-gnu": "2.3.5", "@moonrepo/core-linux-arm64-musl": "2.3.5", "@moonrepo/core-linux-x64-gnu": "2.3.5", "@moonrepo/core-linux-x64-musl": "2.3.5", "@moonrepo/core-macos-arm64": "2.3.5", "@moonrepo/core-macos-x64": "2.3.5", "@moonrepo/core-windows-x64-msvc": "2.3.5" }, "bin": { "moon": "moon.js", "moonx": "moonx.js" } }, "sha512-m5f4nN7E9GWWuHrbNnNU8eZXvEXaL0modnHWgq5TU4QH/omDte0OcR5GwQgYRKf9PWLi113chQZSzZh/UZ9O8A=="],

    "@moonrepo/core-linux-arm64-gnu": ["@moonrepo/core-linux-arm64-gnu@2.3.5", "", { "os": "linux", "cpu": "arm64" }, "sha512-IRyZRYtyHhf5TRiCB9ykAew1KCdeNsGvUTuynQe4slUs4IHw0peWb/D9EGB7CYyXXmf1LGtsMk5QFu7u0MS45Q=="],

    "@moonrepo/core-linux-arm64-musl": ["@moonrepo/core-linux-arm64-musl@2.3.5", "", { "os": "linux", "cpu": "arm64" }, "sha512-lPiqdkm3OFq7CZLEzjNRtrJwI6sWrY7DI9g2cFJe6PVlNlOCuiR/niLqs4/JH3LAIt0Gr569RVtSjci+30pAcg=="],

    "@moonrepo/core-linux-x64-gnu": ["@moonrepo/core-linux-x64-gnu@2.3.5", "", { "os": "linux", "cpu": "x64" }, "sha512-ZldlS+IbVQ0+uGSdiLXpQjdDFpcKYJqtDi/V0I5hFQQAdhR/zU/A87GkHp825ll1+4s4k0NX14ytB7jfH7DWKQ=="],

    "@moonrepo/core-linux-x64-musl": ["@moonrepo/core-linux-x64-musl@2.3.5", "", { "os": "linux", "cpu": "x64" }, "sha512-tPYaCqd3S+9ih5v1KVhXaU4mvhpCcqJSeZAYM/gWdPB+vUvhx/dhH8zI18p/i0fc1TKDQ9CvJ8tmXK0Kn1V/tg=="],

    "@moonrepo/core-macos-arm64": ["@moonrepo/core-macos-arm64@2.3.5", "", { "os": "darwin", "cpu": "arm64" }, "sha512-Rz8YPG6yAw0mpGSCr4jvwPi6/cjkQd5wX5j1JxE/yMFHuFrzieqRwHmKbS1EU0nquJWaVJs2umFZ+aaX2qXQPQ=="],

    "@moonrepo/core-macos-x64": ["@moonrepo/core-macos-x64@2.3.5", "", { "os": "darwin", "cpu": "x64" }, "sha512-rNCoXfe0xiOnjnQAVsq/OwbzqMCshnYq5ANKd+MwGQw8qPlLsVY0/TGW3DRUathTX+aIh9qaIoZqkquq41TRkg=="],

    "@moonrepo/core-windows-x64-msvc": ["@moonrepo/core-windows-x64-msvc@2.3.5", "", { "os": "win32", "cpu": "x64" }, "sha512-N+JwGBBSdSD5iEoL2+Z5rGNOlq20xqDkaqykavihgi9PlBuYpVy98mS5JT6C1LAj69G8N33UY3dsuJnYY9Aqzw=="],

    "detect-libc": ["detect-libc@2.1.2", "", {}, "sha512-Btj2BOOO83o3WyH59e8MgXsxEQVcarkUOpEYrubB0urwnN10yQ364rsiByU11nZlqWYZm05i/of7io4mzihBtQ=="],

    "typescript": ["typescript@6.0.3", "", { "bin": { "tsc": "bin/tsc", "tsserver": "bin/tsserver" } }, "sha512-y2TvuxSZPDyQakkFRPZHKFm+KKVqIisdg9/CZwm9ftvKXLP8NRWj38/ODjNbr43SsoXqNuAisEf1GdCxqWcdBw=="],
  }
}
